#MicroXplorer Configuration settings - do not modify
File.Version=6
GPIO.groupedBy=
KeepUserPlacement=false
Mcu.Family=STM32F4
Mcu.IP0=CRC
Mcu.IP1=NVIC
Mcu.IP2=RCC
Mcu.IP3=SPI1
Mcu.IP4=SYS
Mcu.IP5=TIM2
Mcu.IPNb=6
Mcu.Name=STM32F405RGTx
Mcu.Package=LQFP64
Mcu.Pin0=PC13-ANTI_TAMP
Mcu.Pin1=PC14-OSC32_IN
Mcu.Pin10=PA5
Mcu.Pin11=PA7
Mcu.Pin12=PB0
Mcu.Pin13=PB1
Mcu.Pin14=PB2
Mcu.Pin15=PB10
Mcu.Pin16=PB11
Mcu.Pin17=PB12
Mcu.Pin18=PB13
Mcu.Pin19=PB14
Mcu.Pin2=PC15-OSC32_OUT
Mcu.Pin20=PB15
Mcu.Pin21=PA13
Mcu.Pin22=PA14
Mcu.Pin23=PB3
Mcu.Pin24=PB4
Mcu.Pin25=PB5
Mcu.Pin26=PB6
Mcu.Pin27=PB7
Mcu.Pin28=PB8
Mcu.Pin29=PB9
Mcu.Pin3=PH0-OSC_IN
Mcu.Pin30=VP_CRC_VS_CRC
Mcu.Pin31=VP_SYS_VS_Systick
Mcu.Pin32=VP_TIM2_VS_ClockSourceINT
Mcu.Pin33=VP_STMicroelectronics.X-CUBE-AI_VS_ArtificialOoIntelligenceJjXAaCUBEAaAI_7.0.0_7.0.0
Mcu.Pin4=PH1-OSC_OUT
Mcu.Pin5=PC0
Mcu.Pin6=PA0-WKUP
Mcu.Pin7=PA1
Mcu.Pin8=PA2
Mcu.Pin9=PA3
Mcu.PinsNb=34
Mcu.ThirdParty0=STMicroelectronics.X-CUBE-AI.7.0.0
Mcu.ThirdPartyNb=1
Mcu.UserConstants=
Mcu.UserName=STM32F405RGTx
MxCube.Version=6.1.1
MxDb.Version=DB.6.0.10
NVIC.BusFault_IRQn=true\:0\:0\:false\:false\:true\:false\:false
NVIC.DebugMonitor_IRQn=true\:0\:0\:false\:false\:true\:false\:false
NVIC.EXTI15_10_IRQn=true\:0\:0\:false\:false\:true\:true\:true
NVIC.ForceEnableDMAVector=true
NVIC.HardFault_IRQn=true\:0\:0\:false\:false\:true\:false\:false
NVIC.MemoryManagement_IRQn=true\:0\:0\:false\:false\:true\:false\:false
NVIC.NonMaskableInt_IRQn=true\:0\:0\:false\:false\:true\:false\:false
NVIC.PendSV_IRQn=true\:0\:0\:false\:false\:true\:false\:false
NVIC.PriorityGroup=NVIC_PRIORITYGROUP_4
NVIC.SVCall_IRQn=true\:0\:0\:false\:false\:true\:false\:false
NVIC.SysTick_IRQn=true\:0\:0\:false\:false\:true\:false\:true
NVIC.UsageFault_IRQn=true\:0\:0\:false\:false\:true\:false\:false
PA0-WKUP.Locked=true
PA0-WKUP.Signal=GPIO_Output
PA1.Locked=true
PA1.Signal=GPIO_Output
PA13.Mode=Serial_Wire
PA13.Signal=SYS_JTMS-SWDIO
PA14.Mode=Serial_Wire
PA14.Signal=SYS_JTCK-SWCLK
PA2.Locked=true
PA2.Signal=GPIO_Output
PA3.Signal=S_TIM2_CH4
PA5.Mode=TX_Only_Simplex_Unidirect_Master
PA5.Signal=SPI1_SCK
PA7.Mode=TX_Only_Simplex_Unidirect_Master
PA7.Signal=SPI1_MOSI
PB0.GPIOParameters=GPIO_PuPd
PB0.GPIO_PuPd=GPIO_PULLUP
PB0.Locked=true
PB0.Signal=GPIO_Input
PB1.GPIOParameters=GPIO_PuPd
PB1.GPIO_PuPd=GPIO_PULLUP
PB1.Locked=true
PB1.Signal=GPIO_Input
PB10.Locked=true
PB10.Signal=GPIO_Output
PB11.Locked=true
PB11.Signal=GPIO_Output
PB12.Locked=true
PB12.Signal=GPIO_Output
PB13.Locked=true
PB13.Signal=GPIO_Output
PB14.Locked=true
PB14.Signal=GPIO_Output
PB15.GPIOParameters=GPIO_PuPd
PB15.GPIO_PuPd=GPIO_PULLDOWN
PB15.Locked=true
PB15.Signal=GPXTI15
PB2.GPIOParameters=GPIO_PuPd
PB2.GPIO_PuPd=GPIO_PULLUP
PB2.Locked=true
PB2.Signal=GPIO_Input
PB3.GPIOParameters=GPIO_PuPd
PB3.GPIO_PuPd=GPIO_PULLUP
PB3.Locked=true
PB3.Signal=GPIO_Input
PB4.GPIOParameters=GPIO_PuPd
PB4.GPIO_PuPd=GPIO_PULLUP
PB4.Locked=true
PB4.Signal=GPIO_Input
PB5.GPIOParameters=GPIO_PuPd
PB5.GPIO_PuPd=GPIO_PULLUP
PB5.Locked=true
PB5.Signal=GPIO_Input
PB6.GPIOParameters=GPIO_PuPd
PB6.GPIO_PuPd=GPIO_PULLUP
PB6.Locked=true
PB6.Signal=GPIO_Input
PB7.GPIOParameters=GPIO_PuPd
PB7.GPIO_PuPd=GPIO_PULLUP
PB7.Locked=true
PB7.Signal=GPIO_Input
PB8.GPIOParameters=GPIO_Speed
PB8.GPIO_Speed=GPIO_SPEED_FREQ_VERY_HIGH
PB8.Locked=true
PB8.Signal=GPIO_Output
PB9.GPIOParameters=GPIO_Speed
PB9.GPIO_Speed=GPIO_SPEED_FREQ_VERY_HIGH
PB9.Locked=true
PB9.Signal=GPIO_Output
PC0.Locked=true
PC0.Signal=GPIO_Output
PC13-ANTI_TAMP.Locked=true
PC13-ANTI_TAMP.Signal=GPIO_Output
PC14-OSC32_IN.Locked=true
PC14-OSC32_IN.Signal=GPIO_Output
PC15-OSC32_OUT.Locked=true
PC15-OSC32_OUT.Signal=GPIO_Output
PH0-OSC_IN.Mode=HSE-External-Oscillator
PH0-OSC_IN.Signal=RCC_OSC_IN
PH1-OSC_OUT.Mode=HSE-External-Oscillator
PH1-OSC_OUT.Signal=RCC_OSC_OUT
PinOutPanel.RotationAngle=0
ProjectManager.AskForMigrate=true
ProjectManager.BackupPrevious=false
ProjectManager.CompilerOptimize=6
ProjectManager.ComputerToolchain=false
ProjectManager.CoupleFile=true
ProjectManager.CustomerFirmwarePackage=
ProjectManager.DefaultFWLocation=true
ProjectManager.DeletePrevious=true
ProjectManager.DeviceId=STM32F405RGTx
ProjectManager.FirmwarePackage=STM32Cube FW_F4 V1.25.2
ProjectManager.FreePins=false
ProjectManager.HalAssertFull=false
ProjectManager.HeapSize=0x800
ProjectManager.KeepUserCode=true
ProjectManager.LastFirmware=true
ProjectManager.LibraryCopy=1
ProjectManager.MainLocation=Core/Src
ProjectManager.NoMain=false
ProjectManager.PreviousToolchain=
ProjectManager.ProjectBuild=false
ProjectManager.ProjectFileName=yoloface.ioc
ProjectManager.ProjectName=yoloface
ProjectManager.RegisterCallBack=
ProjectManager.StackSize=0x800
ProjectManager.TargetToolchain=MDK-ARM V5.27
ProjectManager.ToolChainLocation=
ProjectManager.UnderRoot=false
ProjectManager.functionlistsort=1-MX_GPIO_Init-GPIO-false-HAL-true,2-SystemClock_Config-RCC-false-HAL-false,3-MX_CRC_Init-CRC-false-HAL-true,4-MX_SPI1_Init-SPI1-false-HAL-true,5-MX_TIM2_Init-TIM2-false-HAL-true
RCC.48MHZClocksFreq_Value=84000000
RCC.AHBFreq_Value=168000000
RCC.APB1CLKDivider=RCC_HCLK_DIV4
RCC.APB1Freq_Value=42000000
RCC.APB1TimFreq_Value=84000000
RCC.APB2CLKDivider=RCC_HCLK_DIV2
RCC.APB2Freq_Value=84000000
RCC.APB2TimFreq_Value=168000000
RCC.CortexFreq_Value=168000000
RCC.EthernetFreq_Value=168000000
RCC.FCLKCortexFreq_Value=168000000
RCC.FamilyName=M
RCC.HCLKFreq_Value=168000000
RCC.HSE_VALUE=12000000
RCC.HSI_VALUE=16000000
RCC.I2SClocksFreq_Value=192000000
RCC.IPParameters=48MHZClocksFreq_Value,AHBFreq_Value,APB1CLKDivider,APB1Freq_Value,APB1TimFreq_Value,APB2CLKDivider,APB2Freq_Value,APB2TimFreq_Value,CortexFreq_Value,EthernetFreq_Value,FCLKCortexFreq_Value,FamilyName,HCLKFreq_Value,HSE_VALUE,HSI_VALUE,I2SClocksFreq_Value,LSE_VALUE,LSI_VALUE,MCO2PinFreq_Value,PLLCLKFreq_Value,PLLM,PLLN,PLLQCLKFreq_Value,PLLSourceVirtual,RTCFreq_Value,RTCHSEDivFreq_Value,SYSCLKFreq_VALUE,SYSCLKSource,VCOI2SOutputFreq_Value,VCOInputFreq_Value,VCOOutputFreq_Value,VcooutputI2S
RCC.LSE_VALUE=32768
RCC.LSI_VALUE=32000
RCC.MCO2PinFreq_Value=168000000
RCC.PLLCLKFreq_Value=168000000
RCC.PLLM=6
RCC.PLLN=168
RCC.PLLQCLKFreq_Value=84000000
RCC.PLLSourceVirtual=RCC_PLLSOURCE_HSE
RCC.RTCFreq_Value=32000
RCC.RTCHSEDivFreq_Value=6000000
RCC.SYSCLKFreq_VALUE=168000000
RCC.SYSCLKSource=RCC_SYSCLKSOURCE_PLLCLK
RCC.VCOI2SOutputFreq_Value=384000000
RCC.VCOInputFreq_Value=2000000
RCC.VCOOutputFreq_Value=336000000
RCC.VcooutputI2S=192000000
SH.GPXTI15.0=GPIO_EXTI15
SH.GPXTI15.ConfNb=1
SH.S_TIM2_CH4.0=TIM2_CH4,PWM Generation4 CH4
SH.S_TIM2_CH4.ConfNb=1
SPI1.CalculateBaudRate=42.0 MBits/s
SPI1.Direction=SPI_DIRECTION_2LINES
SPI1.IPParameters=VirtualType,Mode,Direction,CalculateBaudRate
SPI1.Mode=SPI_MODE_MASTER
SPI1.VirtualType=VM_MASTER
STMicroelectronics.X-CUBE-AI.7.0.0.ActivationBufferSizeList=40074
STMicroelectronics.X-CUBE-AI.7.0.0.ArtificialOoIntelligenceJjXAaCUBEAaAI_Checked=true
STMicroelectronics.X-CUBE-AI.7.0.0.HeapSize=0x800
STMicroelectronics.X-CUBE-AI.7.0.0.IPParameters=XAaCUBEAaAICcArtificialOoIntelligenceJjCore,ModelHashList,ModelNameList,WorkingBufferStartAddrList,ModelName-248342fd8396436c2ddbf336b425621a08570621d18143f69e4e07d50ddebfaa,ModelActualCompression-248342fd8396436c2ddbf336b425621a08570621d18143f69e4e07d50ddebfaa,ModelRamOccupation-248342fd8396436c2ddbf336b425621a08570621d18143f69e4e07d50ddebfaa,ModelFlashOccupation-248342fd8396436c2ddbf336b425621a08570621d18143f69e4e07d50ddebfaa,ModelMacc-248342fd8396436c2ddbf336b425621a08570621d18143f69e4e07d50ddebfaa,ModelStructureFile-248342fd8396436c2ddbf336b425621a08570621d18143f69e4e07d50ddebfaa,ModelWeightFile-248342fd8396436c2ddbf336b425621a08570621d18143f69e4e07d50ddebfaa,HeapSize,StackSize,LatestDirectoryUsed-248342fd8396436c2ddbf336b425621a08570621d18143f69e4e07d50ddebfaa,ModelCompression-248342fd8396436c2ddbf336b425621a08570621d18143f69e4e07d50ddebfaa,ModelKind-248342fd8396436c2ddbf336b425621a08570621d18143f69e4e07d50ddebfaa,ModelType-248342fd8396436c2ddbf336b425621a08570621d18143f69e4e07d50ddebfaa,ValidationInputFileHistory-248342fd8396436c2ddbf336b425621a08570621d18143f69e4e07d50ddebfaa,ValidationOutputFileHistory-248342fd8396436c2ddbf336b425621a08570621d18143f69e4e07d50ddebfaa,InternalRamActivationBufferMaxSize,ActivationBufferSizeList,MaximumNumberOfInputLayer,MaximumNumberOfOutputLayer,MaximumSizeOfInputLayer,MaximumSizeOfOutputLayer,ReadyForCodeGeneration
STMicroelectronics.X-CUBE-AI.7.0.0.InternalRamActivationBufferMaxSize=AI_NETWORK_DATA_ACTIVATIONS_SIZE
STMicroelectronics.X-CUBE-AI.7.0.0.LatestDirectoryUsed-248342fd8396436c2ddbf336b425621a08570621d18143f69e4e07d50ddebfaa=C\:\\Users\\uncle_xie\\Desktop\\yoloface
STMicroelectronics.X-CUBE-AI.7.0.0.MaximumNumberOfInputLayer=1
STMicroelectronics.X-CUBE-AI.7.0.0.MaximumNumberOfOutputLayer=1
STMicroelectronics.X-CUBE-AI.7.0.0.MaximumSizeOfInputLayer=AI_NETWORK_IN_1_SIZE_BYTES
STMicroelectronics.X-CUBE-AI.7.0.0.MaximumSizeOfOutputLayer=AI_NETWORK_OUT_1_SIZE_BYTES
STMicroelectronics.X-CUBE-AI.7.0.0.ModelActualCompression-248342fd8396436c2ddbf336b425621a08570621d18143f69e4e07d50ddebfaa=0.0
STMicroelectronics.X-CUBE-AI.7.0.0.ModelCompression-248342fd8396436c2ddbf336b425621a08570621d18143f69e4e07d50ddebfaa=1
STMicroelectronics.X-CUBE-AI.7.0.0.ModelFlashOccupation-248342fd8396436c2ddbf336b425621a08570621d18143f69e4e07d50ddebfaa=11304
STMicroelectronics.X-CUBE-AI.7.0.0.ModelHashList=248342fd8396436c2ddbf336b425621a08570621d18143f69e4e07d50ddebfaa
STMicroelectronics.X-CUBE-AI.7.0.0.ModelKind-248342fd8396436c2ddbf336b425621a08570621d18143f69e4e07d50ddebfaa=TFLITE
STMicroelectronics.X-CUBE-AI.7.0.0.ModelMacc-248342fd8396436c2ddbf336b425621a08570621d18143f69e4e07d50ddebfaa=1344320
STMicroelectronics.X-CUBE-AI.7.0.0.ModelName-248342fd8396436c2ddbf336b425621a08570621d18143f69e4e07d50ddebfaa=network
STMicroelectronics.X-CUBE-AI.7.0.0.ModelNameList=network
STMicroelectronics.X-CUBE-AI.7.0.0.ModelRamOccupation-248342fd8396436c2ddbf336b425621a08570621d18143f69e4e07d50ddebfaa=40074
STMicroelectronics.X-CUBE-AI.7.0.0.ModelStructureFile-248342fd8396436c2ddbf336b425621a08570621d18143f69e4e07d50ddebfaa=yoloface_int8.tflite
STMicroelectronics.X-CUBE-AI.7.0.0.ModelType-248342fd8396436c2ddbf336b425621a08570621d18143f69e4e07d50ddebfaa=STM32Cube.AI runtime
STMicroelectronics.X-CUBE-AI.7.0.0.ModelWeightFile-248342fd8396436c2ddbf336b425621a08570621d18143f69e4e07d50ddebfaa=
STMicroelectronics.X-CUBE-AI.7.0.0.ReadyForCodeGeneration=true
STMicroelectronics.X-CUBE-AI.7.0.0.StackSize=0x800
STMicroelectronics.X-CUBE-AI.7.0.0.ValidationInputFileHistory-248342fd8396436c2ddbf336b425621a08570621d18143f69e4e07d50ddebfaa=
STMicroelectronics.X-CUBE-AI.7.0.0.ValidationOutputFileHistory-248342fd8396436c2ddbf336b425621a08570621d18143f69e4e07d50ddebfaa=
STMicroelectronics.X-CUBE-AI.7.0.0.WorkingBufferStartAddrList=0xFFFFFFFF
STMicroelectronics.X-CUBE-AI.7.0.0.XAaCUBEAaAICcArtificialOoIntelligenceJjCore=true
STMicroelectronics.X-CUBE-AI.7.0.0_SwParameter=XAaCUBEAaAICcArtificialOoIntelligenceJjCore\:true;
TIM2.Channel-PWM\ Generation4\ CH4=TIM_CHANNEL_4
TIM2.IPParameters=Channel-PWM Generation4 CH4,Prescaler,Period,Pulse-PWM Generation4 CH4
TIM2.Period=19999
TIM2.Prescaler=71
TIM2.Pulse-PWM\ Generation4\ CH4=19999
VP_CRC_VS_CRC.Mode=CRC_Activate
VP_CRC_VS_CRC.Signal=CRC_VS_CRC
VP_STMicroelectronics.X-CUBE-AI_VS_ArtificialOoIntelligenceJjXAaCUBEAaAI_7.0.0_7.0.0.Mode=ArtificialOoIntelligenceJjXAaCUBEAaAI
VP_STMicroelectronics.X-CUBE-AI_VS_ArtificialOoIntelligenceJjXAaCUBEAaAI_7.0.0_7.0.0.Signal=STMicroelectronics.X-CUBE-AI_VS_ArtificialOoIntelligenceJjXAaCUBEAaAI_7.0.0_7.0.0
VP_SYS_VS_Systick.Mode=SysTick
VP_SYS_VS_Systick.Signal=SYS_VS_Systick
VP_TIM2_VS_ClockSourceINT.Mode=Internal
VP_TIM2_VS_ClockSourceINT.Signal=TIM2_VS_ClockSourceINT
board=custom
